
Microsoft Visual Studio Solution File, Format Version 12.00
# Visual Studio Version 17
VisualStudioVersion = 17.3.32929.385
MinimumVisualStudioVersion = 10.0.40219.1
Project("{FAE04EC0-301F-11D3-BF4B-00C04F79EFBC}") = "AT.API", "AT\AT.API.csproj", "{E4754484-B469-4870-8949-6D7DA2B87AE4}"
EndProject
Project("{FAE04EC0-301F-11D3-BF4B-00C04F79EFBC}") = "AT.Domain", "..\AT.Domain\AT.Domain.csproj", "{C1FE16B6-46F5-4AE5-9E15-6C4C65D34678}"
EndProject
Project("{FAE04EC0-301F-11D3-BF4B-00C04F79EFBC}") = "AT.Services", "..\AT.Services\AT.Services.csproj", "{AB0A7ACC-3CF4-4B9F-B86F-28E97CDBCBBD}"
EndProject
Project("{FAE04EC0-301F-11D3-BF4B-00C04F79EFBC}") = "AT.MVC", "..\..\app\AT.MVC\AT.MVC.csproj", "{40A24320-208A-44C6-AF9F-6890CEE9843C}"
EndProject
Global
	GlobalSection(SolutionConfigurationPlatforms) = preSolution
		Debug|Any CPU = Debug|Any CPU
		Release|Any CPU = Release|Any CPU
	EndGlobalSection
	GlobalSection(ProjectConfigurationPlatforms) = postSolution
		{E4754484-B469-4870-8949-6D7DA2B87AE4}.Debug|Any CPU.ActiveCfg = Debug|Any CPU
		{E4754484-B469-4870-8949-6D7DA2B87AE4}.Debug|Any CPU.Build.0 = Debug|Any CPU
		{E4754484-B469-4870-8949-6D7DA2B87AE4}.Release|Any CPU.ActiveCfg = Release|Any CPU
		{E4754484-B469-4870-8949-6D7DA2B87AE4}.Release|Any CPU.Build.0 = Release|Any CPU
		{C1FE16B6-46F5-4AE5-9E15-6C4C65D34678}.Debug|Any CPU.ActiveCfg = Debug|Any CPU
		{C1FE16B6-46F5-4AE5-9E15-6C4C65D34678}.Debug|Any CPU.Build.0 = Debug|Any CPU
		{C1FE16B6-46F5-4AE5-9E15-6C4C65D34678}.Release|Any CPU.ActiveCfg = Release|Any CPU
		{C1FE16B6-46F5-4AE5-9E15-6C4C65D34678}.Release|Any CPU.Build.0 = Release|Any CPU
		{AB0A7ACC-3CF4-4B9F-B86F-28E97CDBCBBD}.Debug|Any CPU.ActiveCfg = Debug|Any CPU
		{AB0A7ACC-3CF4-4B9F-B86F-28E97CDBCBBD}.Debug|Any CPU.Build.0 = Debug|Any CPU
		{AB0A7ACC-3CF4-4B9F-B86F-28E97CDBCBBD}.Release|Any CPU.ActiveCfg = Release|Any CPU
		{AB0A7ACC-3CF4-4B9F-B86F-28E97CDBCBBD}.Release|Any CPU.Build.0 = Release|Any CPU
		{40A24320-208A-44C6-AF9F-6890CEE9843C}.Debug|Any CPU.ActiveCfg = Debug|Any CPU
		{40A24320-208A-44C6-AF9F-6890CEE9843C}.Debug|Any CPU.Build.0 = Debug|Any CPU
		{40A24320-208A-44C6-AF9F-6890CEE9843C}.Release|Any CPU.ActiveCfg = Release|Any CPU
		{40A24320-208A-44C6-AF9F-6890CEE9843C}.Release|Any CPU.Build.0 = Release|Any CPU
	EndGlobalSection
	GlobalSection(SolutionProperties) = preSolution
		HideSolutionNode = FALSE
	EndGlobalSection
	GlobalSection(ExtensibilityGlobals) = postSolution
		SolutionGuid = {D2EEE53B-2D07-4DCC-BD21-9B54F828BC2E}
	EndGlobalSection
EndGlobal
